// !$*UTF8*$!
{
	archiveVersion = 1;
	classes = {
	};
	objectVersion = 56;
	objects = {

/* Begin PBXBuildFile section */
		8503A89244A0B55C9FE31B32 /* Pods_1homework4m.framework in Frameworks */ = {isa = PBXBuildFile; fileRef = AAF5A3D5067F71C886599609 /* Pods_1homework4m.framework */; };
		9A59C0A229E6CE9500277F46 /* AppDelegate.swift in Sources */ = {isa = PBXBuildFile; fileRef = 9A59C0A129E6CE9500277F46 /* AppDelegate.swift */; };
		9A59C0A429E6CE9500277F46 /* SceneDelegate.swift in Sources */ = {isa = PBXBuildFile; fileRef = 9A59C0A329E6CE9500277F46 /* SceneDelegate.swift */; };
		9A59C0AB29E6CE9500277F46 /* Assets.xcassets in Resources */ = {isa = PBXBuildFile; fileRef = 9A59C0AA29E6CE9500277F46 /* Assets.xcassets */; };
		9A59C0AE29E6CE9500277F46 /* LaunchScreen.storyboard in Resources */ = {isa = PBXBuildFile; fileRef = 9A59C0AC29E6CE9500277F46 /* LaunchScreen.storyboard */; };
		9A59C0B629E6CF1300277F46 /* MainViewController.swift in Sources */ = {isa = PBXBuildFile; fileRef = 9A59C0B529E6CF1300277F46 /* MainViewController.swift */; };
		9A59C0B829E6CF4B00277F46 /* CustomCell.swift in Sources */ = {isa = PBXBuildFile; fileRef = 9A59C0B729E6CF4B00277F46 /* CustomCell.swift */; };
		9A59C0BA29E6CF5F00277F46 /* Data.swift in Sources */ = {isa = PBXBuildFile; fileRef = 9A59C0B929E6CF5F00277F46 /* Data.swift */; };
		9A59C0BC29E6CF8300277F46 /* BasketController.swift in Sources */ = {isa = PBXBuildFile; fileRef = 9A59C0BB29E6CF8300277F46 /* BasketController.swift */; };
/* End PBXBuildFile section */

/* Begin PBXFileReference section */
		92D60D1ABA01A781FAA8970F /* Pods-1homework4m.release.xcconfig */ = {isa = PBXFileReference; includeInIndex = 1; lastKnownFileType = text.xcconfig; name = "Pods-1homework4m.release.xcconfig"; path = "Target Support Files/Pods-1homework4m/Pods-1homework4m.release.xcconfig"; sourceTree = "<group>"; };
		9A59C09E29E6CE9500277F46 /* 1homework4m.app */ = {isa = PBXFileReference; explicitFileType = wrapper.application; includeInIndex = 0; path = 1homework4m.app; sourceTree = BUILT_PRODUCTS_DIR; };
		9A59C0A129E6CE9500277F46 /* AppDelegate.swift */ = {isa = PBXFileReference; lastKnownFileType = sourcecode.swift; path = AppDelegate.swift; sourceTree = "<group>"; };
		9A59C0A329E6CE9500277F46 /* SceneDelegate.swift */ = {isa = PBXFileReference; lastKnownFileType = sourcecode.swift; path = SceneDelegate.swift; sourceTree = "<group>"; };
		9A59C0AA29E6CE9500277F46 /* Assets.xcassets */ = {isa = PBXFileReference; lastKnownFileType = folder.assetcatalog; path = Assets.xcassets; sourceTree = "<group>"; };
		9A59C0AD29E6CE9500277F46 /* Base */ = {isa = PBXFileReference; lastKnownFileType = file.storyboard; name = Base; path = Base.lproj/LaunchScreen.storyboard; sourceTree = "<group>"; };
		9A59C0AF29E6CE9500277F46 /* Info.plist */ = {isa = PBXFileReference; lastKnownFileType = text.plist.xml; path = Info.plist; sourceTree = "<group>"; };
		9A59C0B529E6CF1300277F46 /* MainViewController.swift */ = {isa = PBXFileReference; lastKnownFileType = sourcecode.swift; path = MainViewController.swift; sourceTree = "<group>"; };
		9A59C0B729E6CF4B00277F46 /* CustomCell.swift */ = {isa = PBXFileReference; lastKnownFileType = sourcecode.swift; path = CustomCell.swift; sourceTree = "<group>"; };
		9A59C0B929E6CF5F00277F46 /* Data.swift */ = {isa = PBXFileReference; lastKnownFileType = sourcecode.swift; path = Data.swift; sourceTree = "<group>"; };
		9A59C0BB29E6CF8300277F46 /* BasketController.swift */ = {isa = PBXFileReference; lastKnownFileType = sourcecode.swift; path = BasketController.swift; sourceTree = "<group>"; };
		AAF5A3D5067F71C886599609 /* Pods_1homework4m.framework */ = {isa = PBXFileReference; explicitFileType = wrapper.framework; includeInIndex = 0; path = Pods_1homework4m.framework; sourceTree = BUILT_PRODUCTS_DIR; };
		C9010AC693B64DC8809F6C2B /* Pods-1homework4m.debug.xcconfig */ = {isa = PBXFileReference; includeInIndex = 1; lastKnownFileType = text.xcconfig; name = "Pods-1homework4m.debug.xcconfig"; path = "Target Support Files/Pods-1homework4m/Pods-1homework4m.debug.xcconfig"; sourceTree = "<group>"; };
/* End PBXFileReference section */

/* Begin PBXFrameworksBuildPhase section */
		9A59C09B29E6CE9500277F46 /* Frameworks */ = {
			isa = PBXFrameworksBuildPhase;
			buildActionMask = 2147483647;
			files = (
				8503A89244A0B55C9FE31B32 /* Pods_1homework4m.framework in Frameworks */,
			);
			runOnlyForDeploymentPostprocessing = 0;
		};
/* End PBXFrameworksBuildPhase section */

/* Begin PBXGroup section */
		2F1C6CA63E6F87F397615648 /* Frameworks */ = {
			isa = PBXGroup;
			children = (
				AAF5A3D5067F71C886599609 /* Pods_1homework4m.framework */,
			);
			name = Frameworks;
			sourceTree = "<group>";
		};
		5D9C80D16A8C563327C60C97 /* Pods */ = {
			isa = PBXGroup;
			children = (
				C9010AC693B64DC8809F6C2B /* Pods-1homework4m.debug.xcconfig */,
				92D60D1ABA01A781FAA8970F /* Pods-1homework4m.release.xcconfig */,
			);
			path = Pods;
			sourceTree = "<group>";
		};
		9A59C09529E6CE9500277F46 = {
			isa = PBXGroup;
			children = (
				9A59C0A029E6CE9500277F46 /* 1homework4m */,
				9A59C09F29E6CE9500277F46 /* Products */,
				5D9C80D16A8C563327C60C97 /* Pods */,
				2F1C6CA63E6F87F397615648 /* Frameworks */,
			);
			sourceTree = "<group>";
		};
		9A59C09F29E6CE9500277F46 /* Products */ = {
			isa = PBXGroup;
			children = (
				9A59C09E29E6CE9500277F46 /* 1homework4m.app */,
			);
			name = Products;
			sourceTree = "<group>";
		};
		9A59C0A029E6CE9500277F46 /* 1homework4m */ = {
			isa = PBXGroup;
			children = (
				9A59C0A129E6CE9500277F46 /* AppDelegate.swift */,
				9A59C0A329E6CE9500277F46 /* SceneDelegate.swift */,
				9A59C0AA29E6CE9500277F46 /* Assets.xcassets */,
				9A59C0AC29E6CE9500277F46 /* LaunchScreen.storyboard */,
				9A59C0AF29E6CE9500277F46 /* Info.plist */,
				9A59C0B529E6CF1300277F46 /* MainViewController.swift */,
				9A59C0B729E6CF4B00277F46 /* CustomCell.swift */,
				9A59C0B929E6CF5F00277F46 /* Data.swift */,
				9A59C0BB29E6CF8300277F46 /* BasketController.swift */,
			);
			path = 1homework4m;
			sourceTree = "<group>";
		};
/* End PBXGroup section */

/* Begin PBXNativeTarget section */
		9A59C09D29E6CE9500277F46 /* 1homework4m */ = {
			isa = PBXNativeTarget;
			buildConfigurationList = 9A59C0B229E6CE9500277F46 /* Build configuration list for PBXNativeTarget "1homework4m" */;
			buildPhases = (
				8DA8B64E58ACE166742D3FDC /* [CP] Check Pods Manifest.lock */,
				9A59C09A29E6CE9500277F46 /* Sources */,
				9A59C09B29E6CE9500277F46 /* Frameworks */,
				9A59C09C29E6CE9500277F46 /* Resources */,
				73D35BC6BFD6C652929150E3 /* [CP] Embed Pods Frameworks */,
			);
			buildRules = (
			);
			dependencies = (
			);
			name = 1homework4m;
			productName = 1homework4m;
			productReference = 9A59C09E29E6CE9500277F46 /* 1homework4m.app */;
			productType = "com.apple.product-type.application";
		};
/* End PBXNativeTarget section */

/* Begin PBXProject section */
		9A59C09629E6CE9500277F46 /* Project object */ = {
			isa = PBXProject;
			attributes = {
				BuildIndependentTargetsInParallel = 1;
				LastSwiftUpdateCheck = 1420;
				LastUpgradeCheck = 1420;
				TargetAttributes = {
					9A59C09D29E6CE9500277F46 = {
						CreatedOnToolsVersion = 14.2;
					};
				};
			};
			buildConfigurationList = 9A59C09929E6CE9500277F46 /* Build configuration list for PBXProject "1homework4m" */;
			compatibilityVersion = "Xcode 14.0";
			developmentRegion = en;
			hasScannedForEncodings = 0;
			knownRegions = (
				en,
				Base,
			);
			mainGroup = 9A59C09529E6CE9500277F46;
			productRefGroup = 9A59C09F29E6CE9500277F46 /* Products */;
			projectDirPath = "";
			projectRoot = "";
			targets = (
				9A59C09D29E6CE9500277F46 /* 1homework4m */,
			);
		};
/* End PBXProject section */

/* Begin PBXResourcesBuildPhase section */
		9A59C09C29E6CE9500277F46 /* Resources */ = {
			isa = PBXResourcesBuildPhase;
			buildActionMask = 2147483647;
			files = (
				9A59C0AE29E6CE9500277F46 /* LaunchScreen.storyboard in Resources */,
				9A59C0AB29E6CE9500277F46 /* Assets.xcassets in Resources */,
			);
			runOnlyForDeploymentPostprocessing = 0;
		};
/* End PBXResourcesBuildPhase section */

/* Begin PBXShellScriptBuildPhase section */
		73D35BC6BFD6C652929150E3 /* [CP] Embed Pods Frameworks */ = {
			isa = PBXShellScriptBuildPhase;
			buildActionMask = 2147483647;
			files = (
			);
			inputFileListPaths = (
				"${PODS_ROOT}/Target Support Files/Pods-1homework4m/Pods-1homework4m-frameworks-${CONFIGURATION}-input-files.xcfilelist",
			);
			name = "[CP] Embed Pods Frameworks";
			outputFileListPaths = (
				"${PODS_ROOT}/Target Support Files/Pods-1homework4m/Pods-1homework4m-frameworks-${CONFIGURATION}-output-files.xcfilelist",
			);
			runOnlyForDeploymentPostprocessing = 0;
			shellPath = /bin/sh;
			shellScript = "\"${PODS_ROOT}/Target Support Files/Pods-1homework4m/Pods-1homework4m-frameworks.sh\"\n";
			showEnvVarsInLog = 0;
		};
		8DA8B64E58ACE166742D3FDC /* [CP] Check Pods Manifest.lock */ = {
			isa = PBXShellScriptBuildPhase;
			buildActionMask = 2147483647;
			files = (
			);
			inputFileListPaths = (
			);
			inputPaths = (
				"${PODS_PODFILE_DIR_PATH}/Podfile.lock",
				"${PODS_ROOT}/Manifest.lock",
			);
			name = "[CP] Check Pods Manifest.lock";
			outputFileListPaths = (
			);
			outputPaths = (
				"$(DERIVED_FILE_DIR)/Pods-1homework4m-checkManifestLockResult.txt",
			);
			runOnlyForDeploymentPostprocessing = 0;
			shellPath = /bin/sh;
			shellScript = "diff \"${PODS_PODFILE_DIR_PATH}/Podfile.lock\" \"${PODS_ROOT}/Manifest.lock\" > /dev/null\nif [ $? != 0 ] ; then\n    # print error to STDERR\n    echo \"error: The sandbox is not in sync with the Podfile.lock. Run 'pod install' or update your CocoaPods installation.\" >&2\n    exit 1\nfi\n# This output is used by Xcode 'outputs' to avoid re-running this script phase.\necho \"SUCCESS\" > \"${SCRIPT_OUTPUT_FILE_0}\"\n";
			showEnvVarsInLog = 0;
		};
/* End PBXShellScriptBuildPhase section */

/* Begin PBXSourcesBuildPhase section */
		9A59C09A29E6CE9500277F46 /* Sources */ = {
			isa = PBXSourcesBuildPhase;
			buildActionMask = 2147483647;
			files = (
				9A59C0B629E6CF1300277F46 /* MainViewController.swift in Sources */,
				9A59C0BA29E6CF5F00277F46 /* Data.swift in Sources */,
				9A59C0A229E6CE9500277F46 /* AppDelegate.swift in Sources */,
				9A59C0BC29E6CF8300277F46 /* BasketController.swift in Sources */,
				9A59C0B829E6CF4B00277F46 /* CustomCell.swift in Sources */,
				9A59C0A429E6CE9500277F46 /* SceneDelegate.swift in Sources */,
			);
			runOnlyForDeploymentPostprocessing = 0;
		};
/* End PBXSourcesBuildPhase section */

/* Begin PBXVariantGroup section */
		9A59C0AC29E6CE9500277F46 /* LaunchScreen.storyboard */ = {
			isa = PBXVariantGroup;
			children = (
				9A59C0AD29E6CE9500277F46 /* Base */,
			);
			name = LaunchScreen.storyboard;
			sourceTree = "<group>";
		};
/* End PBXVariantGroup section */

/* Begin XCBuildConfiguration section */
		9A59C0B029E6CE9500277F46 /* Debug */ = {
			isa = XCBuildConfiguration;
			buildSettings = {
				ALWAYS_SEARCH_USER_PATHS = NO;
				CLANG_ANALYZER_NONNULL = YES;
				CLANG_ANALYZER_NUMBER_OBJECT_CONVERSION = YES_AGGRESSIVE;
				CLANG_CXX_LANGUAGE_STANDARD = "gnu++20";
				CLANG_ENABLE_MODULES = YES;
				CLANG_ENABLE_OBJC_ARC = YES;
				CLANG_ENABLE_OBJC_WEAK = YES;
				CLANG_WARN_BLOCK_CAPTURE_AUTORELEASING = YES;
				CLANG_WARN_BOOL_CONVERSION = YES;
				CLANG_WARN_COMMA = YES;
				CLANG_WARN_CONSTANT_CONVERSION = YES;
				CLANG_WARN_DEPRECATED_OBJC_IMPLEMENTATIONS = YES;
				CLANG_WARN_DIRECT_OBJC_ISA_USAGE = YES_ERROR;
				CLANG_WARN_DOCUMENTATION_COMMENTS = YES;
				CLANG_WARN_EMPTY_BODY = YES;
				CLANG_WARN_ENUM_CONVERSION = YES;
				CLANG_WARN_INFINITE_RECURSION = YES;
				CLANG_WARN_INT_CONVERSION = YES;
				CLANG_WARN_NON_LITERAL_NULL_CONVERSION = YES;
				CLANG_WARN_OBJC_IMPLICIT_RETAIN_SELF = YES;
				CLANG_WARN_OBJC_LITERAL_CONVERSION = YES;
				CLANG_WARN_OBJC_ROOT_CLASS = YES_ERROR;
				CLANG_WARN_QUOTED_INCLUDE_IN_FRAMEWORK_HEADER = YES;
				CLANG_WARN_RANGE_LOOP_ANALYSIS = YES;
				CLANG_WARN_STRICT_PROTOTYPES = YES;
				CLANG_WARN_SUSPICIOUS_MOVE = YES;
				CLANG_WARN_UNGUARDED_AVAILABILITY = YES_AGGRESSIVE;
				CLANG_WARN_UNREACHABLE_CODE = YES;
				CLANG_WARN__DUPLICATE_METHOD_MATCH = YES;
				COPY_PHASE_STRIP = NO;
				DEBUG_INFORMATION_FORMAT = dwarf;
				ENABLE_STRICT_OBJC_MSGSEND = YES;
				ENABLE_TESTABILITY = YES;
				GCC_C_LANGUAGE_STANDARD = gnu11;
				GCC_DYNAMIC_NO_PIC = NO;
				GCC_NO_COMMON_BLOCKS = YES;
				GCC_OPTIMIZATION_LEVEL = 0;
				GCC_PREPROCESSOR_DEFINITIONS = (
					"DEBUG=1",
					"$(inherited)",
				);
				GCC_WARN_64_TO_32_BIT_CONVERSION = YES;
				GCC_WARN_ABOUT_RETURN_TYPE = YES_ERROR;
				GCC_WARN_UNDECLARED_SELECTOR = YES;
				GCC_WARN_UNINITIALIZED_AUTOS = YES_AGGRESSIVE;
				GCC_WARN_UNUSED_FUNCTION = YES;
				GCC_WARN_UNUSED_VARIABLE = YES;
				IPHONEOS_DEPLOYMENT_TARGET = 16.2;
				MTL_ENABLE_DEBUG_INFO = INCLUDE_SOURCE;
				MTL_FAST_MATH = YES;
				ONLY_ACTIVE_ARCH = YES;
				SDKROOT = iphoneos;
				SWIFT_ACTIVE_COMPILATION_CONDITIONS = DEBUG;
				SWIFT_OPTIMIZATION_LEVEL = "-Onone";
			};
			name = Debug;
		};
		9A59C0B129E6CE9500277F46 /* Release */ = {
			isa = XCBuildConfiguration;
			buildSettings = {
				ALWAYS_SEARCH_USER_PATHS = NO;
				CLANG_ANALYZER_NONNULL = YES;
				CLANG_ANALYZER_NUMBER_OBJECT_CONVERSION = YES_AGGRESSIVE;
				CLANG_CXX_LANGUAGE_STANDARD = "gnu++20";
				CLANG_ENABLE_MODULES = YES;
				CLANG_ENABLE_OBJC_ARC = YES;
				CLANG_ENABLE_OBJC_WEAK = YES;
				CLANG_WARN_BLOCK_CAPTURE_AUTORELEASING = YES;
				CLANG_WARN_BOOL_CONVERSION = YES;
				CLANG_WARN_COMMA = YES;
				CLANG_WARN_CONSTANT_CONVERSION = YES;
				CLANG_WARN_DEPRECATED_OBJC_IMPLEMENTATIONS = YES;
				CLANG_WARN_DIRECT_OBJC_ISA_USAGE = YES_ERROR;
				CLANG_WARN_DOCUMENTATION_COMMENTS = YES;
				CLANG_WARN_EMPTY_BODY = YES;
				CLANG_WARN_ENUM_CONVERSION = YES;
				CLANG_WARN_INFINITE_RECURSION = YES;
				CLANG_WARN_INT_CONVERSION = YES;
				CLANG_WARN_NON_LITERAL_NULL_CONVERSION = YES;
				CLANG_WARN_OBJC_IMPLICIT_RETAIN_SELF = YES;
				CLANG_WARN_OBJC_LITERAL_CONVERSION = YES;
				CLANG_WARN_OBJC_ROOT_CLASS = YES_ERROR;
				CLANG_WARN_QUOTED_INCLUDE_IN_FRAMEWORK_HEADER = YES;
				CLANG_WARN_RANGE_LOOP_ANALYSIS = YES;
				CLANG_WARN_STRICT_PROTOTYPES = YES;
				CLANG_WARN_SUSPICIOUS_MOVE = YES;
				CLANG_WARN_UNGUARDED_AVAILABILITY = YES_AGGRESSIVE;
				CLANG_WARN_UNREACHABLE_CODE = YES;
				CLANG_WARN__DUPLICATE_METHOD_MATCH = YES;
				COPY_PHASE_STRIP = NO;
				DEBUG_INFORMATION_FORMAT = "dwarf-with-dsym";
				ENABLE_NS_ASSERTIONS = NO;
				ENABLE_STRICT_OBJC_MSGSEND = YES;
				GCC_C_LANGUAGE_STANDARD = gnu11;
				GCC_NO_COMMON_BLOCKS = YES;
				GCC_WARN_64_TO_32_BIT_CONVERSION = YES;
				GCC_WARN_ABOUT_RETURN_TYPE = YES_ERROR;
				GCC_WARN_UNDECLARED_SELECTOR = YES;
				GCC_WARN_UNINITIALIZED_AUTOS = YES_AGGRESSIVE;
				GCC_WARN_UNUSED_FUNCTION = YES;
				GCC_WARN_UNUSED_VARIABLE = YES;
				IPHONEOS_DEPLOYMENT_TARGET = 16.2;
				MTL_ENABLE_DEBUG_INFO = NO;
				MTL_FAST_MATH = YES;
				SDKROOT = iphoneos;
				SWIFT_COMPILATION_MODE = wholemodule;
				SWIFT_OPTIMIZATION_LEVEL = "-O";
				VALIDATE_PRODUCT = YES;
			};
			name = Release;
		};
		9A59C0B329E6CE9500277F46 /* Debug */ = {
			isa = XCBuildConfiguration;
			baseConfigurationReference = C9010AC693B64DC8809F6C2B /* Pods-1homework4m.debug.xcconfig */;
			buildSettings = {
				ASSETCATALOG_COMPILER_APPICON_NAME = AppIcon;
				ASSETCATALOG_COMPILER_GLOBAL_ACCENT_COLOR_NAME = AccentColor;
				CODE_SIGN_STYLE = Automatic;
				CURRENT_PROJECT_VERSION = 1;
				DEVELOPMENT_TEAM = S24JM78SDV;
				GENERATE_INFOPLIST_FILE = YES;
				INFOPLIST_FILE = 1homework4m/Info.plist;
				INFOPLIST_KEY_UIApplicationSupportsIndirectInputEvents = YES;
				INFOPLIST_KEY_UILaunchStoryboardName = LaunchScreen;
				INFOPLIST_KEY_UISupportedInterfaceOrientations_iPad = "UIInterfaceOrientationPortrait UIInterfaceOrientationPortraitUpsideDown UIInterfaceOrientationLandscapeLeft UIInterfaceOrientationLandscapeRight";
				INFOPLIST_KEY_UISupportedInterfaceOrientations_iPhone = "UIInterfaceOrientationPortrait UIInterfaceOrientationLandscapeLeft UIInterfaceOrientationLandscapeRight";
				LD_RUNPATH_SEARCH_PATHS = (
					"$(inherited)",
					"@executable_path/Frameworks",
				);
				MARKETING_VERSION = 1.0;
				PRODUCT_BUNDLE_IDENTIFIER = "mavlyuda.-homework4m";
				PRODUCT_NAME = "$(TARGET_NAME)";
				SWIFT_EMIT_LOC_STRINGS = YES;
				SWIFT_VERSION = 5.0;
				TARGETED_DEVICE_FAMILY = "1,2";
			};
			name = Debug;
		};
		9A59C0B429E6CE9500277F46 /* Release */ = {
			isa = XCBuildConfiguration;
			baseConfigurationReference = 92D60D1ABA01A781FAA8970F /* Pods-1homework4m.release.xcconfig */;
			buildSettings = {
				ASSETCATALOG_COMPILER_APPICON_NAME = AppIcon;
				ASSETCATALOG_COMPILER_GLOBAL_ACCENT_COLOR_NAME = AccentColor;
				CODE_SIGN_STYLE = Automatic;
				CURRENT_PROJECT_VERSION = 1;
				DEVELOPMENT_TEAM = S24JM78SDV;
				GENERATE_INFOPLIST_FILE = YES;
				INFOPLIST_FILE = 1homework4m/Info.plist;
				INFOPLIST_KEY_UIApplicationSupportsIndirectInputEvents = YES;
				INFOPLIST_KEY_UILaunchStoryboardName = LaunchScreen;
				INFOPLIST_KEY_UISupportedInterfaceOrientations_iPad = "UIInterfaceOrientationPortrait UIInterfaceOrientationPortraitUpsideDown UIInterfaceOrientationLandscapeLeft UIInterfaceOrientationLandscapeRight";
				INFOPLIST_KEY_UISupportedInterfaceOrientations_iPhone = "UIInterfaceOrientationPortrait UIInterfaceOrientationLandscapeLeft UIInterfaceOrientationLandscapeRight";
				LD_RUNPATH_SEARCH_PATHS = (
					"$(inherited)",
					"@executable_path/Frameworks",
				);
				MARKETING_VERSION = 1.0;
				PRODUCT_BUNDLE_IDENTIFIER = "mavlyuda.-homework4m";
				PRODUCT_NAME = "$(TARGET_NAME)";
				SWIFT_EMIT_LOC_STRINGS = YES;
				SWIFT_VERSION = 5.0;
				TARGETED_DEVICE_FAMILY = "1,2";
			};
			name = Release;
		};
/* End XCBuildConfiguration section */

/* Begin XCConfigurationList section */
		9A59C09929E6CE9500277F46 /* Build configuration list for PBXProject "1homework4m" */ = {
			isa = XCConfigurationList;
			buildConfigurations = (
				9A59C0B029E6CE9500277F46 /* Debug */,
				9A59C0B129E6CE9500277F46 /* Release */,
			);
			defaultConfigurationIsVisible = 0;
			defaultConfigurationName = Release;
		};
		9A59C0B229E6CE9500277F46 /* Build configuration list for PBXNativeTarget "1homework4m" */ = {
			isa = XCConfigurationList;
			buildConfigurations = (
				9A59C0B329E6CE9500277F46 /* Debug */,
				9A59C0B429E6CE9500277F46 /* Release */,
			);
			defaultConfigurationIsVisible = 0;
			defaultConfigurationName = Release;
		};
/* End XCConfigurationList section */
	};
	rootObject = 9A59C09629E6CE9500277F46 /* Project object */;
}
